// !$*UTF8*$!
{
	archiveVersion = 1;
	classes = {
	};
	objectVersion = 55;
	objects = {

/* Begin PBXBuildFile section */
		AF0F042FC061CB5FF247AB26 /* Pods_Swift_Todo_List.framework in Frameworks */ = {isa = PBXBuildFile; fileRef = 97279E04E54EAB4C847F9325 /* Pods_Swift_Todo_List.framework */; };
		F8240CE2274AA3320051C30B /* AppDelegate.swift in Sources */ = {isa = PBXBuildFile; fileRef = F8240CE1274AA3320051C30B /* AppDelegate.swift */; };
		F8240CE4274AA3320051C30B /* SceneDelegate.swift in Sources */ = {isa = PBXBuildFile; fileRef = F8240CE3274AA3320051C30B /* SceneDelegate.swift */; };
		F8240CE6274AA3320051C30B /* MainViewController.swift in Sources */ = {isa = PBXBuildFile; fileRef = F8240CE5274AA3320051C30B /* MainViewController.swift */; };
		F8240CE9274AA3320051C30B /* Main.storyboard in Resources */ = {isa = PBXBuildFile; fileRef = F8240CE7274AA3320051C30B /* Main.storyboard */; };
		F8240CEB274AA3330051C30B /* Assets.xcassets in Resources */ = {isa = PBXBuildFile; fileRef = F8240CEA274AA3330051C30B /* Assets.xcassets */; };
		F8240CEE274AA3330051C30B /* LaunchScreen.storyboard in Resources */ = {isa = PBXBuildFile; fileRef = F8240CEC274AA3330051C30B /* LaunchScreen.storyboard */; };
		F8240CFB274AB5250051C30B /* ApiManager.swift in Sources */ = {isa = PBXBuildFile; fileRef = F8240CFA274AB5250051C30B /* ApiManager.swift */; };
		F8240CFD274AB63D0051C30B /* Models.swift in Sources */ = {isa = PBXBuildFile; fileRef = F8240CFC274AB63D0051C30B /* Models.swift */; };
		F8240CFF274AB8C50051C30B /* AddTaskViewController.swift in Sources */ = {isa = PBXBuildFile; fileRef = F8240CFE274AB8C50051C30B /* AddTaskViewController.swift */; };
		F8240D01274AB8EA0051C30B /* TaskListTableViewCell.swift in Sources */ = {isa = PBXBuildFile; fileRef = F8240D00274AB8EA0051C30B /* TaskListTableViewCell.swift */; };
		F8240D05274AB91D0051C30B /* ManageListsViewController.swift in Sources */ = {isa = PBXBuildFile; fileRef = F8240D04274AB91D0051C30B /* ManageListsViewController.swift */; };
		F8240D08274AD4770051C30B /* Extensions.swift in Sources */ = {isa = PBXBuildFile; fileRef = F8240D07274AD4770051C30B /* Extensions.swift */; };
		F8642C22274C107C0084C392 /* ListSectionHeaderView.swift in Sources */ = {isa = PBXBuildFile; fileRef = F8642C21274C107C0084C392 /* ListSectionHeaderView.swift */; };
		F8642C24274C16630084C392 /* TaskTableViewCell.swift in Sources */ = {isa = PBXBuildFile; fileRef = F8642C23274C16630084C392 /* TaskTableViewCell.swift */; };
		F8642C26274C237F0084C392 /* CompletedSeparatorTableViewCell.swift in Sources */ = {isa = PBXBuildFile; fileRef = F8642C25274C237F0084C392 /* CompletedSeparatorTableViewCell.swift */; };
/* End PBXBuildFile section */

/* Begin PBXFileReference section */
		1BEC58AA4983843EF2EC36EC /* Pods-Swift Todo List.debug.xcconfig */ = {isa = PBXFileReference; includeInIndex = 1; lastKnownFileType = text.xcconfig; name = "Pods-Swift Todo List.debug.xcconfig"; path = "Target Support Files/Pods-Swift Todo List/Pods-Swift Todo List.debug.xcconfig"; sourceTree = "<group>"; };
		380BE3E6D0EEA5891B0D9139 /* Pods-Swift Todo List.release.xcconfig */ = {isa = PBXFileReference; includeInIndex = 1; lastKnownFileType = text.xcconfig; name = "Pods-Swift Todo List.release.xcconfig"; path = "Target Support Files/Pods-Swift Todo List/Pods-Swift Todo List.release.xcconfig"; sourceTree = "<group>"; };
		97279E04E54EAB4C847F9325 /* Pods_Swift_Todo_List.framework */ = {isa = PBXFileReference; explicitFileType = wrapper.framework; includeInIndex = 0; path = Pods_Swift_Todo_List.framework; sourceTree = BUILT_PRODUCTS_DIR; };
		F8240CDE274AA3320051C30B /* Swift Todo List.app */ = {isa = PBXFileReference; explicitFileType = wrapper.application; includeInIndex = 0; path = "Swift Todo List.app"; sourceTree = BUILT_PRODUCTS_DIR; };
		F8240CE1274AA3320051C30B /* AppDelegate.swift */ = {isa = PBXFileReference; lastKnownFileType = sourcecode.swift; path = AppDelegate.swift; sourceTree = "<group>"; };
		F8240CE3274AA3320051C30B /* SceneDelegate.swift */ = {isa = PBXFileReference; lastKnownFileType = sourcecode.swift; path = SceneDelegate.swift; sourceTree = "<group>"; };
		F8240CE5274AA3320051C30B /* MainViewController.swift */ = {isa = PBXFileReference; lastKnownFileType = sourcecode.swift; path = MainViewController.swift; sourceTree = "<group>"; };
		F8240CE8274AA3320051C30B /* Base */ = {isa = PBXFileReference; lastKnownFileType = file.storyboard; name = Base; path = Base.lproj/Main.storyboard; sourceTree = "<group>"; };
		F8240CEA274AA3330051C30B /* Assets.xcassets */ = {isa = PBXFileReference; lastKnownFileType = folder.assetcatalog; path = Assets.xcassets; sourceTree = "<group>"; };
		F8240CED274AA3330051C30B /* Base */ = {isa = PBXFileReference; lastKnownFileType = file.storyboard; name = Base; path = Base.lproj/LaunchScreen.storyboard; sourceTree = "<group>"; };
		F8240CEF274AA3330051C30B /* Info.plist */ = {isa = PBXFileReference; lastKnownFileType = text.plist.xml; path = Info.plist; sourceTree = "<group>"; };
		F8240CFA274AB5250051C30B /* ApiManager.swift */ = {isa = PBXFileReference; lastKnownFileType = sourcecode.swift; path = ApiManager.swift; sourceTree = "<group>"; };
		F8240CFC274AB63D0051C30B /* Models.swift */ = {isa = PBXFileReference; lastKnownFileType = sourcecode.swift; path = Models.swift; sourceTree = "<group>"; };
		F8240CFE274AB8C50051C30B /* AddTaskViewController.swift */ = {isa = PBXFileReference; lastKnownFileType = sourcecode.swift; path = AddTaskViewController.swift; sourceTree = "<group>"; };
		F8240D00274AB8EA0051C30B /* TaskListTableViewCell.swift */ = {isa = PBXFileReference; lastKnownFileType = sourcecode.swift; path = TaskListTableViewCell.swift; sourceTree = "<group>"; };
		F8240D04274AB91D0051C30B /* ManageListsViewController.swift */ = {isa = PBXFileReference; lastKnownFileType = sourcecode.swift; path = ManageListsViewController.swift; sourceTree = "<group>"; };
		F8240D07274AD4770051C30B /* Extensions.swift */ = {isa = PBXFileReference; lastKnownFileType = sourcecode.swift; path = Extensions.swift; sourceTree = "<group>"; };
		F8642C21274C107C0084C392 /* ListSectionHeaderView.swift */ = {isa = PBXFileReference; lastKnownFileType = sourcecode.swift; path = ListSectionHeaderView.swift; sourceTree = "<group>"; };
		F8642C23274C16630084C392 /* TaskTableViewCell.swift */ = {isa = PBXFileReference; lastKnownFileType = sourcecode.swift; path = TaskTableViewCell.swift; sourceTree = "<group>"; };
		F8642C25274C237F0084C392 /* CompletedSeparatorTableViewCell.swift */ = {isa = PBXFileReference; lastKnownFileType = sourcecode.swift; path = CompletedSeparatorTableViewCell.swift; sourceTree = "<group>"; };
/* End PBXFileReference section */

/* Begin PBXFrameworksBuildPhase section */
		F8240CDB274AA3320051C30B /* Frameworks */ = {
			isa = PBXFrameworksBuildPhase;
			buildActionMask = 2147483647;
			files = (
				AF0F042FC061CB5FF247AB26 /* Pods_Swift_Todo_List.framework in Frameworks */,
			);
			runOnlyForDeploymentPostprocessing = 0;
		};
/* End PBXFrameworksBuildPhase section */

/* Begin PBXGroup section */
		3B6AD9CF49279AE4D05D4562 /* Pods */ = {
			isa = PBXGroup;
			children = (
				1BEC58AA4983843EF2EC36EC /* Pods-Swift Todo List.debug.xcconfig */,
				380BE3E6D0EEA5891B0D9139 /* Pods-Swift Todo List.release.xcconfig */,
			);
			path = Pods;
			sourceTree = "<group>";
		};
		C040F9519393F1553FDD2780 /* Frameworks */ = {
			isa = PBXGroup;
			children = (
				97279E04E54EAB4C847F9325 /* Pods_Swift_Todo_List.framework */,
			);
			name = Frameworks;
			sourceTree = "<group>";
		};
		F8240CD5274AA3320051C30B = {
			isa = PBXGroup;
			children = (
				F8240CE0274AA3320051C30B /* Swift Todo List */,
				F8240CDF274AA3320051C30B /* Products */,
				3B6AD9CF49279AE4D05D4562 /* Pods */,
				C040F9519393F1553FDD2780 /* Frameworks */,
			);
			sourceTree = "<group>";
		};
		F8240CDF274AA3320051C30B /* Products */ = {
			isa = PBXGroup;
			children = (
				F8240CDE274AA3320051C30B /* Swift Todo List.app */,
			);
			name = Products;
			sourceTree = "<group>";
		};
		F8240CE0274AA3320051C30B /* Swift Todo List */ = {
			isa = PBXGroup;
			children = (
				F8240CF8274AA3830051C30B /* Views */,
				F8240CF7274AA3770051C30B /* Models */,
				F8240CF6274AA3670051C30B /* View Controllers */,
				F8240CF5274AA3530051C30B /* Resources */,
			);
			path = "Swift Todo List";
			sourceTree = "<group>";
		};
		F8240CF5274AA3530051C30B /* Resources */ = {
			isa = PBXGroup;
			children = (
				F8240CE1274AA3320051C30B /* AppDelegate.swift */,
				F8240CE3274AA3320051C30B /* SceneDelegate.swift */,
				F8240CEA274AA3330051C30B /* Assets.xcassets */,
				F8240CEF274AA3330051C30B /* Info.plist */,
				F8240CFA274AB5250051C30B /* ApiManager.swift */,
				F8240D07274AD4770051C30B /* Extensions.swift */,
			);
			path = Resources;
			sourceTree = "<group>";
		};
		F8240CF6274AA3670051C30B /* View Controllers */ = {
			isa = PBXGroup;
			children = (
				F8240CE5274AA3320051C30B /* MainViewController.swift */,
				F8240CFE274AB8C50051C30B /* AddTaskViewController.swift */,
			);
			path = "View Controllers";
			sourceTree = "<group>";
		};
		F8240CF7274AA3770051C30B /* Models */ = {
			isa = PBXGroup;
			children = (
				F8240CFC274AB63D0051C30B /* Models.swift */,
			);
			path = Models;
			sourceTree = "<group>";
		};
		F8240CF8274AA3830051C30B /* Views */ = {
			isa = PBXGroup;
			children = (
				F8240D06274ABE990051C30B /* Cells */,
				F8240CF9274AA39E0051C30B /* Storyboards */,
				F8240D04274AB91D0051C30B /* ManageListsViewController.swift */,
				F8642C21274C107C0084C392 /* ListSectionHeaderView.swift */,
			);
			path = Views;
			sourceTree = "<group>";
		};
		F8240CF9274AA39E0051C30B /* Storyboards */ = {
			isa = PBXGroup;
			children = (
				F8240CE7274AA3320051C30B /* Main.storyboard */,
				F8240CEC274AA3330051C30B /* LaunchScreen.storyboard */,
			);
			path = Storyboards;
			sourceTree = "<group>";
		};
		F8240D06274ABE990051C30B /* Cells */ = {
			isa = PBXGroup;
			children = (
				F8240D00274AB8EA0051C30B /* TaskListTableViewCell.swift */,
				F8642C23274C16630084C392 /* TaskTableViewCell.swift */,
				F8642C25274C237F0084C392 /* CompletedSeparatorTableViewCell.swift */,
			);
			path = Cells;
			sourceTree = "<group>";
		};
/* End PBXGroup section */

/* Begin PBXNativeTarget section */
		F8240CDD274AA3320051C30B /* Swift Todo List */ = {
			isa = PBXNativeTarget;
			buildConfigurationList = F8240CF2274AA3330051C30B /* Build configuration list for PBXNativeTarget "Swift Todo List" */;
			buildPhases = (
				6EEC35A37D5025BE1F3BEC53 /* [CP] Check Pods Manifest.lock */,
				F8240CDA274AA3320051C30B /* Sources */,
				F8240CDB274AA3320051C30B /* Frameworks */,
				F8240CDC274AA3320051C30B /* Resources */,
				69A38B40501A720D4099A2F2 /* [CP] Embed Pods Frameworks */,
			);
			buildRules = (
			);
			dependencies = (
			);
			name = "Swift Todo List";
			productName = "Swift Todo List";
			productReference = F8240CDE274AA3320051C30B /* Swift Todo List.app */;
			productType = "com.apple.product-type.application";
		};
/* End PBXNativeTarget section */

/* Begin PBXProject section */
		F8240CD6274AA3320051C30B /* Project object */ = {
			isa = PBXProject;
			attributes = {
				BuildIndependentTargetsInParallel = 1;
				LastSwiftUpdateCheck = 1310;
				LastUpgradeCheck = 1310;
				TargetAttributes = {
					F8240CDD274AA3320051C30B = {
						CreatedOnToolsVersion = 13.1;
					};
				};
			};
			buildConfigurationList = F8240CD9274AA3320051C30B /* Build configuration list for PBXProject "Swift Todo List" */;
			compatibilityVersion = "Xcode 13.0";
			developmentRegion = en;
			hasScannedForEncodings = 0;
			knownRegions = (
				en,
				Base,
			);
			mainGroup = F8240CD5274AA3320051C30B;
			productRefGroup = F8240CDF274AA3320051C30B /* Products */;
			projectDirPath = "";
			projectRoot = "";
			targets = (
				F8240CDD274AA3320051C30B /* Swift Todo List */,
			);
		};
/* End PBXProject section */

/* Begin PBXResourcesBuildPhase section */
		F8240CDC274AA3320051C30B /* Resources */ = {
			isa = PBXResourcesBuildPhase;
			buildActionMask = 2147483647;
			files = (
				F8240CEE274AA3330051C30B /* LaunchScreen.storyboard in Resources */,
				F8240CEB274AA3330051C30B /* Assets.xcassets in Resources */,
				F8240CE9274AA3320051C30B /* Main.storyboard in Resources */,
			);
			runOnlyForDeploymentPostprocessing = 0;
		};
/* End PBXResourcesBuildPhase section */

/* Begin PBXShellScriptBuildPhase section */
		69A38B40501A720D4099A2F2 /* [CP] Embed Pods Frameworks */ = {
			isa = PBXShellScriptBuildPhase;
			buildActionMask = 2147483647;
			files = (
			);
			inputFileListPaths = (
				"${PODS_ROOT}/Target Support Files/Pods-Swift Todo List/Pods-Swift Todo List-frameworks-${CONFIGURATION}-input-files.xcfilelist",
			);
			name = "[CP] Embed Pods Frameworks";
			outputFileListPaths = (
				"${PODS_ROOT}/Target Support Files/Pods-Swift Todo List/Pods-Swift Todo List-frameworks-${CONFIGURATION}-output-files.xcfilelist",
			);
			runOnlyForDeploymentPostprocessing = 0;
			shellPath = /bin/sh;
			shellScript = "\"${PODS_ROOT}/Target Support Files/Pods-Swift Todo List/Pods-Swift Todo List-frameworks.sh\"\n";
			showEnvVarsInLog = 0;
		};
		6EEC35A37D5025BE1F3BEC53 /* [CP] Check Pods Manifest.lock */ = {
			isa = PBXShellScriptBuildPhase;
			buildActionMask = 2147483647;
			files = (
			);
			inputFileListPaths = (
			);
			inputPaths = (
				"${PODS_PODFILE_DIR_PATH}/Podfile.lock",
				"${PODS_ROOT}/Manifest.lock",
			);
			name = "[CP] Check Pods Manifest.lock";
			outputFileListPaths = (
			);
			outputPaths = (
				"$(DERIVED_FILE_DIR)/Pods-Swift Todo List-checkManifestLockResult.txt",
			);
			runOnlyForDeploymentPostprocessing = 0;
			shellPath = /bin/sh;
			shellScript = "diff \"${PODS_PODFILE_DIR_PATH}/Podfile.lock\" \"${PODS_ROOT}/Manifest.lock\" > /dev/null\nif [ $? != 0 ] ; then\n    # print error to STDERR\n    echo \"error: The sandbox is not in sync with the Podfile.lock. Run 'pod install' or update your CocoaPods installation.\" >&2\n    exit 1\nfi\n# This output is used by Xcode 'outputs' to avoid re-running this script phase.\necho \"SUCCESS\" > \"${SCRIPT_OUTPUT_FILE_0}\"\n";
			showEnvVarsInLog = 0;
		};
/* End PBXShellScriptBuildPhase section */

/* Begin PBXSourcesBuildPhase section */
		F8240CDA274AA3320051C30B /* Sources */ = {
			isa = PBXSourcesBuildPhase;
			buildActionMask = 2147483647;
			files = (
				F8240D01274AB8EA0051C30B /* TaskListTableViewCell.swift in Sources */,
				F8642C22274C107C0084C392 /* ListSectionHeaderView.swift in Sources */,
				F8642C24274C16630084C392 /* TaskTableViewCell.swift in Sources */,
				F8240CFB274AB5250051C30B /* ApiManager.swift in Sources */,
				F8240D05274AB91D0051C30B /* ManageListsViewController.swift in Sources */,
				F8240CFF274AB8C50051C30B /* AddTaskViewController.swift in Sources */,
				F8240D08274AD4770051C30B /* Extensions.swift in Sources */,
				F8240CE6274AA3320051C30B /* MainViewController.swift in Sources */,
				F8240CE2274AA3320051C30B /* AppDelegate.swift in Sources */,
				F8642C26274C237F0084C392 /* CompletedSeparatorTableViewCell.swift in Sources */,
				F8240CE4274AA3320051C30B /* SceneDelegate.swift in Sources */,
				F8240CFD274AB63D0051C30B /* Models.swift in Sources */,
			);
			runOnlyForDeploymentPostprocessing = 0;
		};
/* End PBXSourcesBuildPhase section */

/* Begin PBXVariantGroup section */
		F8240CE7274AA3320051C30B /* Main.storyboard */ = {
			isa = PBXVariantGroup;
			children = (
				F8240CE8274AA3320051C30B /* Base */,
			);
			name = Main.storyboard;
			sourceTree = "<group>";
		};
		F8240CEC274AA3330051C30B /* LaunchScreen.storyboard */ = {
			isa = PBXVariantGroup;
			children = (
				F8240CED274AA3330051C30B /* Base */,
			);
			name = LaunchScreen.storyboard;
			sourceTree = "<group>";
		};
/* End PBXVariantGroup section */

/* Begin XCBuildConfiguration section */
		F8240CF0274AA3330051C30B /* Debug */ = {
			isa = XCBuildConfiguration;
			buildSettings = {
				ALWAYS_SEARCH_USER_PATHS = NO;
				CLANG_ANALYZER_NONNULL = YES;
				CLANG_ANALYZER_NUMBER_OBJECT_CONVERSION = YES_AGGRESSIVE;
				CLANG_CXX_LANGUAGE_STANDARD = "gnu++17";
				CLANG_CXX_LIBRARY = "libc++";
				CLANG_ENABLE_MODULES = YES;
				CLANG_ENABLE_OBJC_ARC = YES;
				CLANG_ENABLE_OBJC_WEAK = YES;
				CLANG_WARN_BLOCK_CAPTURE_AUTORELEASING = YES;
				CLANG_WARN_BOOL_CONVERSION = YES;
				CLANG_WARN_COMMA = YES;
				CLANG_WARN_CONSTANT_CONVERSION = YES;
				CLANG_WARN_DEPRECATED_OBJC_IMPLEMENTATIONS = YES;
				CLANG_WARN_DIRECT_OBJC_ISA_USAGE = YES_ERROR;
				CLANG_WARN_DOCUMENTATION_COMMENTS = YES;
				CLANG_WARN_EMPTY_BODY = YES;
				CLANG_WARN_ENUM_CONVERSION = YES;
				CLANG_WARN_INFINITE_RECURSION = YES;
				CLANG_WARN_INT_CONVERSION = YES;
				CLANG_WARN_NON_LITERAL_NULL_CONVERSION = YES;
				CLANG_WARN_OBJC_IMPLICIT_RETAIN_SELF = YES;
				CLANG_WARN_OBJC_LITERAL_CONVERSION = YES;
				CLANG_WARN_OBJC_ROOT_CLASS = YES_ERROR;
				CLANG_WARN_QUOTED_INCLUDE_IN_FRAMEWORK_HEADER = YES;
				CLANG_WARN_RANGE_LOOP_ANALYSIS = YES;
				CLANG_WARN_STRICT_PROTOTYPES = YES;
				CLANG_WARN_SUSPICIOUS_MOVE = YES;
				CLANG_WARN_UNGUARDED_AVAILABILITY = YES_AGGRESSIVE;
				CLANG_WARN_UNREACHABLE_CODE = YES;
				CLANG_WARN__DUPLICATE_METHOD_MATCH = YES;
				COPY_PHASE_STRIP = NO;
				DEBUG_INFORMATION_FORMAT = dwarf;
				ENABLE_STRICT_OBJC_MSGSEND = YES;
				ENABLE_TESTABILITY = YES;
				GCC_C_LANGUAGE_STANDARD = gnu11;
				GCC_DYNAMIC_NO_PIC = NO;
				GCC_NO_COMMON_BLOCKS = YES;
				GCC_OPTIMIZATION_LEVEL = 0;
				GCC_PREPROCESSOR_DEFINITIONS = (
					"DEBUG=1",
					"$(inherited)",
				);
				GCC_WARN_64_TO_32_BIT_CONVERSION = YES;
				GCC_WARN_ABOUT_RETURN_TYPE = YES_ERROR;
				GCC_WARN_UNDECLARED_SELECTOR = YES;
				GCC_WARN_UNINITIALIZED_AUTOS = YES_AGGRESSIVE;
				GCC_WARN_UNUSED_FUNCTION = YES;
				GCC_WARN_UNUSED_VARIABLE = YES;
				IPHONEOS_DEPLOYMENT_TARGET = 15.0;
				MTL_ENABLE_DEBUG_INFO = INCLUDE_SOURCE;
				MTL_FAST_MATH = YES;
				ONLY_ACTIVE_ARCH = YES;
				SDKROOT = iphoneos;
				SWIFT_ACTIVE_COMPILATION_CONDITIONS = DEBUG;
				SWIFT_OPTIMIZATION_LEVEL = "-Onone";
			};
			name = Debug;
		};
		F8240CF1274AA3330051C30B /* Release */ = {
			isa = XCBuildConfiguration;
			buildSettings = {
				ALWAYS_SEARCH_USER_PATHS = NO;
				CLANG_ANALYZER_NONNULL = YES;
				CLANG_ANALYZER_NUMBER_OBJECT_CONVERSION = YES_AGGRESSIVE;
				CLANG_CXX_LANGUAGE_STANDARD = "gnu++17";
				CLANG_CXX_LIBRARY = "libc++";
				CLANG_ENABLE_MODULES = YES;
				CLANG_ENABLE_OBJC_ARC = YES;
				CLANG_ENABLE_OBJC_WEAK = YES;
				CLANG_WARN_BLOCK_CAPTURE_AUTORELEASING = YES;
				CLANG_WARN_BOOL_CONVERSION = YES;
				CLANG_WARN_COMMA = YES;
				CLANG_WARN_CONSTANT_CONVERSION = YES;
				CLANG_WARN_DEPRECATED_OBJC_IMPLEMENTATIONS = YES;
				CLANG_WARN_DIRECT_OBJC_ISA_USAGE = YES_ERROR;
				CLANG_WARN_DOCUMENTATION_COMMENTS = YES;
				CLANG_WARN_EMPTY_BODY = YES;
				CLANG_WARN_ENUM_CONVERSION = YES;
				CLANG_WARN_INFINITE_RECURSION = YES;
				CLANG_WARN_INT_CONVERSION = YES;
				CLANG_WARN_NON_LITERAL_NULL_CONVERSION = YES;
				CLANG_WARN_OBJC_IMPLICIT_RETAIN_SELF = YES;
				CLANG_WARN_OBJC_LITERAL_CONVERSION = YES;
				CLANG_WARN_OBJC_ROOT_CLASS = YES_ERROR;
				CLANG_WARN_QUOTED_INCLUDE_IN_FRAMEWORK_HEADER = YES;
				CLANG_WARN_RANGE_LOOP_ANALYSIS = YES;
				CLANG_WARN_STRICT_PROTOTYPES = YES;
				CLANG_WARN_SUSPICIOUS_MOVE = YES;
				CLANG_WARN_UNGUARDED_AVAILABILITY = YES_AGGRESSIVE;
				CLANG_WARN_UNREACHABLE_CODE = YES;
				CLANG_WARN__DUPLICATE_METHOD_MATCH = YES;
				COPY_PHASE_STRIP = NO;
				DEBUG_INFORMATION_FORMAT = "dwarf-with-dsym";
				ENABLE_NS_ASSERTIONS = NO;
				ENABLE_STRICT_OBJC_MSGSEND = YES;
				GCC_C_LANGUAGE_STANDARD = gnu11;
				GCC_NO_COMMON_BLOCKS = YES;
				GCC_WARN_64_TO_32_BIT_CONVERSION = YES;
				GCC_WARN_ABOUT_RETURN_TYPE = YES_ERROR;
				GCC_WARN_UNDECLARED_SELECTOR = YES;
				GCC_WARN_UNINITIALIZED_AUTOS = YES_AGGRESSIVE;
				GCC_WARN_UNUSED_FUNCTION = YES;
				GCC_WARN_UNUSED_VARIABLE = YES;
				IPHONEOS_DEPLOYMENT_TARGET = 15.0;
				MTL_ENABLE_DEBUG_INFO = NO;
				MTL_FAST_MATH = YES;
				SDKROOT = iphoneos;
				SWIFT_COMPILATION_MODE = wholemodule;
				SWIFT_OPTIMIZATION_LEVEL = "-O";
				VALIDATE_PRODUCT = YES;
			};
			name = Release;
		};
		F8240CF3274AA3330051C30B /* Debug */ = {
			isa = XCBuildConfiguration;
			baseConfigurationReference = 1BEC58AA4983843EF2EC36EC /* Pods-Swift Todo List.debug.xcconfig */;
			buildSettings = {
				ASSETCATALOG_COMPILER_APPICON_NAME = AppIcon;
				ASSETCATALOG_COMPILER_GLOBAL_ACCENT_COLOR_NAME = AccentColor;
				CODE_SIGN_STYLE = Automatic;
				CURRENT_PROJECT_VERSION = 1;
				DEVELOPMENT_TEAM = X9KNWKJCG9;
				GENERATE_INFOPLIST_FILE = YES;
				INFOPLIST_FILE = "Swift Todo List/Resources/Info.plist";
				INFOPLIST_KEY_UIApplicationSupportsIndirectInputEvents = YES;
				INFOPLIST_KEY_UILaunchStoryboardName = LaunchScreen;
				INFOPLIST_KEY_UIMainStoryboardFile = Main;
				INFOPLIST_KEY_UISupportedInterfaceOrientations = UIInterfaceOrientationPortrait;
				INFOPLIST_KEY_UISupportedInterfaceOrientations_iPad = "UIInterfaceOrientationPortrait UIInterfaceOrientationPortraitUpsideDown UIInterfaceOrientationLandscapeLeft UIInterfaceOrientationLandscapeRight";
				INFOPLIST_KEY_UISupportedInterfaceOrientations_iPhone = "UIInterfaceOrientationPortrait UIInterfaceOrientationLandscapeLeft UIInterfaceOrientationLandscapeRight";
				LD_RUNPATH_SEARCH_PATHS = (
					"$(inherited)",
					"@executable_path/Frameworks",
				);
				MARKETING_VERSION = 1.0;
				PRODUCT_BUNDLE_IDENTIFIER = "com.example.swift.todo.Swift-Todo-List";
				PRODUCT_NAME = "$(TARGET_NAME)";
				SWIFT_EMIT_LOC_STRINGS = YES;
				SWIFT_VERSION = 5.0;
				TARGETED_DEVICE_FAMILY = "1,2";
			};
			name = Debug;
		};
		F8240CF4274AA3330051C30B /* Release */ = {
			isa = XCBuildConfiguration;
			baseConfigurationReference = 380BE3E6D0EEA5891B0D9139 /* Pods-Swift Todo List.release.xcconfig */;
			buildSettings = {
				ASSETCATALOG_COMPILER_APPICON_NAME = AppIcon;
				ASSETCATALOG_COMPILER_GLOBAL_ACCENT_COLOR_NAME = AccentColor;
				CODE_SIGN_STYLE = Automatic;
				CURRENT_PROJECT_VERSION = 1;
				DEVELOPMENT_TEAM = X9KNWKJCG9;
				GENERATE_INFOPLIST_FILE = YES;
				INFOPLIST_FILE = "Swift Todo List/Resources/Info.plist";
				INFOPLIST_KEY_UIApplicationSupportsIndirectInputEvents = YES;
				INFOPLIST_KEY_UILaunchStoryboardName = LaunchScreen;
				INFOPLIST_KEY_UIMainStoryboardFile = Main;
				INFOPLIST_KEY_UISupportedInterfaceOrientations = UIInterfaceOrientationPortrait;
				INFOPLIST_KEY_UISupportedInterfaceOrientations_iPad = "UIInterfaceOrientationPortrait UIInterfaceOrientationPortraitUpsideDown UIInterfaceOrientationLandscapeLeft UIInterfaceOrientationLandscapeRight";
				INFOPLIST_KEY_UISupportedInterfaceOrientations_iPhone = "UIInterfaceOrientationPortrait UIInterfaceOrientationLandscapeLeft UIInterfaceOrientationLandscapeRight";
				LD_RUNPATH_SEARCH_PATHS = (
					"$(inherited)",
					"@executable_path/Frameworks",
				);
				MARKETING_VERSION = 1.0;
				PRODUCT_BUNDLE_IDENTIFIER = "com.example.swift.todo.Swift-Todo-List";
				PRODUCT_NAME = "$(TARGET_NAME)";
				SWIFT_EMIT_LOC_STRINGS = YES;
				SWIFT_VERSION = 5.0;
				TARGETED_DEVICE_FAMILY = "1,2";
			};
			name = Release;
		};
/* End XCBuildConfiguration section */

/* Begin XCConfigurationList section */
		F8240CD9274AA3320051C30B /* Build configuration list for PBXProject "Swift Todo List" */ = {
			isa = XCConfigurationList;
			buildConfigurations = (
				F8240CF0274AA3330051C30B /* Debug */,
				F8240CF1274AA3330051C30B /* Release */,
			);
			defaultConfigurationIsVisible = 0;
			defaultConfigurationName = Release;
		};
		F8240CF2274AA3330051C30B /* Build configuration list for PBXNativeTarget "Swift Todo List" */ = {
			isa = XCConfigurationList;
			buildConfigurations = (
				F8240CF3274AA3330051C30B /* Debug */,
				F8240CF4274AA3330051C30B /* Release */,
			);
			defaultConfigurationIsVisible = 0;
			defaultConfigurationName = Release;
		};
/* End XCConfigurationList section */
	};
	rootObject = F8240CD6274AA3320051C30B /* Project object */;
}
